
Microsoft Visual Studio Solution File, Format Version 12.00
# Visual Studio Version 17
VisualStudioVersion = 17.0.31903.59
MinimumVisualStudioVersion = 10.0.40219.1
Project("{FAE04EC0-301F-11D3-BF4B-00C04F79EFBC}") = "2025-11-28 - 1 - CountCharInString", "2025-11-28 - 1 - CountCharInString\2025-11-28 - 1 - CountCharInString.csproj", "{E3BA5E43-9CF4-42F6-BBE4-067DFCF5A35F}"
EndProject
Project("{FAE04EC0-301F-11D3-BF4B-00C04F79EFBC}") = "2025-11-28 - 2 - AnalyseString", "2025-11-28 - 2 - AnalyseString\2025-11-28 - 2 - AnalyseString.csproj", "{87EECDB4-2692-43F1-A3B3-C8BBE33AE5D2}"
EndProject
Project("{FAE04EC0-301F-11D3-BF4B-00C04F79EFBC}") = "2025-11-28 - 3 - IsPalindrom", "2025-11-28 - 3 - IsPalindrom\2025-11-28 - 3 - IsPalindrom.csproj", "{07FFAA2D-FD1B-4E9D-9230-6FBBED0AAB2F}"
EndProject
Project("{FAE04EC0-301F-11D3-BF4B-00C04F79EFBC}") = "2025-11-28 - 4 - IsPalindromWithoutSpaces", "2025-11-28 - 4 - IsPalindromWithoutSpaces\2025-11-28 - 4 - IsPalindromWithoutSpaces.csproj", "{E8537A3B-BB95-4FF1-AB3C-AA39C0ACD4A3}"
EndProject
Project("{FAE04EC0-301F-11D3-BF4B-00C04F79EFBC}") = "2025-11-28 - 5 - ContainsDuplicateChars", "2025-11-28 - 5 - ContainsDuplicateChars\2025-11-28 - 5 - ContainsDuplicateChars.csproj", "{889F749B-08EF-448B-BF5A-0CF990D96F99}"
EndProject
Project("{FAE04EC0-301F-11D3-BF4B-00C04F79EFBC}") = "2025-11-28 - 6 - RemoveDuplicateChars", "2025-11-28 - 6 - RemoveDuplicateChars\2025-11-28 - 6 - RemoveDuplicateChars.csproj", "{B120A5CF-E720-4D67-A28F-73C3056AD5A3}"
EndProject
Project("{FAE04EC0-301F-11D3-BF4B-00C04F79EFBC}") = "2025-11-28 - 7 - Capitalize", "2025-11-28 - 7 - Capitalize\2025-11-28 - 7 - Capitalize.csproj", "{8E5EBF22-C0DF-4C71-87BF-A5C1A974D28E}"
EndProject
Project("{FAE04EC0-301F-11D3-BF4B-00C04F79EFBC}") = "2025-11-28 - 8 - CapitalizeAfterChars", "2025-11-28 - 8 - CapitalizeAfterChars\2025-11-28 - 8 - CapitalizeAfterChars.csproj", "{A692C2DE-B83B-4A68-85BF-CF91155376A0}"
EndProject
Project("{FAE04EC0-301F-11D3-BF4B-00C04F79EFBC}") = "2025-12-2 - 1 - IntegerDivision", "2025-12-2 - 1 - IntegerDivision\2025-12-2 - 1 - IntegerDivision.csproj", "{17B684C2-AF93-4E23-9411-C714663529C1}"
EndProject
Project("{FAE04EC0-301F-11D3-BF4B-00C04F79EFBC}") = "2025-12-2 - 2 - ISBN", "2025-12-2 - 2 - ISBN\2025-12-2 - 2 - ISBN.csproj", "{80AA6600-1985-4EFA-BF9B-83E8B633AE65}"
EndProject
Project("{FAE04EC0-301F-11D3-BF4B-00C04F79EFBC}") = "2025-12-2 - 3 - Sichere Eingabe", "2025-12-2 - 3 - Sichere Eingabe\2025-12-2 - 3 - Sichere Eingabe.csproj", "{373E4D38-58ED-4E55-8FDC-F4AC0A70A71E}"
EndProject
Global
	GlobalSection(SolutionConfigurationPlatforms) = preSolution
		Debug|Any CPU = Debug|Any CPU
		Release|Any CPU = Release|Any CPU
	EndGlobalSection
	GlobalSection(SolutionProperties) = preSolution
		HideSolutionNode = FALSE
	EndGlobalSection
	GlobalSection(ProjectConfigurationPlatforms) = postSolution
		{E3BA5E43-9CF4-42F6-BBE4-067DFCF5A35F}.Debug|Any CPU.ActiveCfg = Debug|Any CPU
		{E3BA5E43-9CF4-42F6-BBE4-067DFCF5A35F}.Debug|Any CPU.Build.0 = Debug|Any CPU
		{E3BA5E43-9CF4-42F6-BBE4-067DFCF5A35F}.Release|Any CPU.ActiveCfg = Release|Any CPU
		{E3BA5E43-9CF4-42F6-BBE4-067DFCF5A35F}.Release|Any CPU.Build.0 = Release|Any CPU
		{87EECDB4-2692-43F1-A3B3-C8BBE33AE5D2}.Debug|Any CPU.ActiveCfg = Debug|Any CPU
		{87EECDB4-2692-43F1-A3B3-C8BBE33AE5D2}.Debug|Any CPU.Build.0 = Debug|Any CPU
		{87EECDB4-2692-43F1-A3B3-C8BBE33AE5D2}.Release|Any CPU.ActiveCfg = Release|Any CPU
		{87EECDB4-2692-43F1-A3B3-C8BBE33AE5D2}.Release|Any CPU.Build.0 = Release|Any CPU
		{07FFAA2D-FD1B-4E9D-9230-6FBBED0AAB2F}.Debug|Any CPU.ActiveCfg = Debug|Any CPU
		{07FFAA2D-FD1B-4E9D-9230-6FBBED0AAB2F}.Debug|Any CPU.Build.0 = Debug|Any CPU
		{07FFAA2D-FD1B-4E9D-9230-6FBBED0AAB2F}.Release|Any CPU.ActiveCfg = Release|Any CPU
		{07FFAA2D-FD1B-4E9D-9230-6FBBED0AAB2F}.Release|Any CPU.Build.0 = Release|Any CPU
		{E8537A3B-BB95-4FF1-AB3C-AA39C0ACD4A3}.Debug|Any CPU.ActiveCfg = Debug|Any CPU
		{E8537A3B-BB95-4FF1-AB3C-AA39C0ACD4A3}.Debug|Any CPU.Build.0 = Debug|Any CPU
		{E8537A3B-BB95-4FF1-AB3C-AA39C0ACD4A3}.Release|Any CPU.ActiveCfg = Release|Any CPU
		{E8537A3B-BB95-4FF1-AB3C-AA39C0ACD4A3}.Release|Any CPU.Build.0 = Release|Any CPU
		{889F749B-08EF-448B-BF5A-0CF990D96F99}.Debug|Any CPU.ActiveCfg = Debug|Any CPU
		{889F749B-08EF-448B-BF5A-0CF990D96F99}.Debug|Any CPU.Build.0 = Debug|Any CPU
		{889F749B-08EF-448B-BF5A-0CF990D96F99}.Release|Any CPU.ActiveCfg = Release|Any CPU
		{889F749B-08EF-448B-BF5A-0CF990D96F99}.Release|Any CPU.Build.0 = Release|Any CPU
		{B120A5CF-E720-4D67-A28F-73C3056AD5A3}.Debug|Any CPU.ActiveCfg = Debug|Any CPU
		{B120A5CF-E720-4D67-A28F-73C3056AD5A3}.Debug|Any CPU.Build.0 = Debug|Any CPU
		{B120A5CF-E720-4D67-A28F-73C3056AD5A3}.Release|Any CPU.ActiveCfg = Release|Any CPU
		{B120A5CF-E720-4D67-A28F-73C3056AD5A3}.Release|Any CPU.Build.0 = Release|Any CPU
		{8E5EBF22-C0DF-4C71-87BF-A5C1A974D28E}.Debug|Any CPU.ActiveCfg = Debug|Any CPU
		{8E5EBF22-C0DF-4C71-87BF-A5C1A974D28E}.Debug|Any CPU.Build.0 = Debug|Any CPU
		{8E5EBF22-C0DF-4C71-87BF-A5C1A974D28E}.Release|Any CPU.ActiveCfg = Release|Any CPU
		{8E5EBF22-C0DF-4C71-87BF-A5C1A974D28E}.Release|Any CPU.Build.0 = Release|Any CPU
		{A692C2DE-B83B-4A68-85BF-CF91155376A0}.Debug|Any CPU.ActiveCfg = Debug|Any CPU
		{A692C2DE-B83B-4A68-85BF-CF91155376A0}.Debug|Any CPU.Build.0 = Debug|Any CPU
		{A692C2DE-B83B-4A68-85BF-CF91155376A0}.Release|Any CPU.ActiveCfg = Release|Any CPU
		{A692C2DE-B83B-4A68-85BF-CF91155376A0}.Release|Any CPU.Build.0 = Release|Any CPU
		{17B684C2-AF93-4E23-9411-C714663529C1}.Debug|Any CPU.ActiveCfg = Debug|Any CPU
		{17B684C2-AF93-4E23-9411-C714663529C1}.Debug|Any CPU.Build.0 = Debug|Any CPU
		{17B684C2-AF93-4E23-9411-C714663529C1}.Release|Any CPU.ActiveCfg = Release|Any CPU
		{17B684C2-AF93-4E23-9411-C714663529C1}.Release|Any CPU.Build.0 = Release|Any CPU
		{80AA6600-1985-4EFA-BF9B-83E8B633AE65}.Debug|Any CPU.ActiveCfg = Debug|Any CPU
		{80AA6600-1985-4EFA-BF9B-83E8B633AE65}.Debug|Any CPU.Build.0 = Debug|Any CPU
		{80AA6600-1985-4EFA-BF9B-83E8B633AE65}.Release|Any CPU.ActiveCfg = Release|Any CPU
		{80AA6600-1985-4EFA-BF9B-83E8B633AE65}.Release|Any CPU.Build.0 = Release|Any CPU
		{373E4D38-58ED-4E55-8FDC-F4AC0A70A71E}.Debug|Any CPU.ActiveCfg = Debug|Any CPU
		{373E4D38-58ED-4E55-8FDC-F4AC0A70A71E}.Debug|Any CPU.Build.0 = Debug|Any CPU
		{373E4D38-58ED-4E55-8FDC-F4AC0A70A71E}.Release|Any CPU.ActiveCfg = Release|Any CPU
		{373E4D38-58ED-4E55-8FDC-F4AC0A70A71E}.Release|Any CPU.Build.0 = Release|Any CPU
	EndGlobalSection
EndGlobal
